
Microsoft Visual Studio Solution File, Format Version 12.00
# Visual Studio Version 17
VisualStudioVersion = 17.5.33424.131
MinimumVisualStudioVersion = 10.0.40219.1
Project("{FAE04EC0-301F-11D3-BF4B-00C04F79EFBC}") = "PokemonSApp", "PokemonSApp\PokemonSApp.csproj", "{D8495F81-2C20-4998-9210-BC5E19EAED8B}"
EndProject
Global
	GlobalSection(SolutionConfigurationPlatforms) = preSolution
		Debug|Any CPU = Debug|Any CPU
		Release|Any CPU = Release|Any CPU
	EndGlobalSection
	GlobalSection(ProjectConfigurationPlatforms) = postSolution
		{D8495F81-2C20-4998-9210-BC5E19EAED8B}.Debug|Any CPU.ActiveCfg = Debug|Any CPU
		{D8495F81-2C20-4998-9210-BC5E19EAED8B}.Debug|Any CPU.Build.0 = Debug|Any CPU
		{D8495F81-2C20-4998-9210-BC5E19EAED8B}.Release|Any CPU.ActiveCfg = Release|Any CPU
		{D8495F81-2C20-4998-9210-BC5E19EAED8B}.Release|Any CPU.Build.0 = Release|Any CPU
	EndGlobalSection
	GlobalSection(SolutionProperties) = preSolution
		HideSolutionNode = FALSE
	EndGlobalSection
	GlobalSection(ExtensibilityGlobals) = postSolution
		SolutionGuid = {A0F886C8-EE61-4C65-846C-7096095FE826}
	EndGlobalSection
EndGlobal
